
Microsoft Visual Studio Solution File, Format Version 12.00
# Visual Studio 15
VisualStudioVersion = 15.0.26124.0
MinimumVisualStudioVersion = 15.0.26124.0
Project("{FAE04EC0-301F-11D3-BF4B-00C04F79EFBC}") = "library", "library\library.csproj", "{46BA3910-11C1-4CB8-983D-DDAA00DC93EE}"
EndProject
Project("{FAE04EC0-301F-11D3-BF4B-00C04F79EFBC}") = "test-library", "test-library\test-library.csproj", "{4F80EDCE-ED14-420A-A4A6-CE9BDB2E3125}"
EndProject
Global
	GlobalSection(SolutionConfigurationPlatforms) = preSolution
		Debug|Any CPU = Debug|Any CPU
		Debug|x64 = Debug|x64
		Debug|x86 = Debug|x86
		Release|Any CPU = Release|Any CPU
		Release|x64 = Release|x64
		Release|x86 = Release|x86
	EndGlobalSection
	GlobalSection(SolutionProperties) = preSolution
		HideSolutionNode = FALSE
	EndGlobalSection
	GlobalSection(ProjectConfigurationPlatforms) = postSolution
		{46BA3910-11C1-4CB8-983D-DDAA00DC93EE}.Debug|Any CPU.ActiveCfg = Debug|Any CPU
		{46BA3910-11C1-4CB8-983D-DDAA00DC93EE}.Debug|Any CPU.Build.0 = Debug|Any CPU
		{46BA3910-11C1-4CB8-983D-DDAA00DC93EE}.Debug|x64.ActiveCfg = Debug|Any CPU
		{46BA3910-11C1-4CB8-983D-DDAA00DC93EE}.Debug|x64.Build.0 = Debug|Any CPU
		{46BA3910-11C1-4CB8-983D-DDAA00DC93EE}.Debug|x86.ActiveCfg = Debug|Any CPU
		{46BA3910-11C1-4CB8-983D-DDAA00DC93EE}.Debug|x86.Build.0 = Debug|Any CPU
		{46BA3910-11C1-4CB8-983D-DDAA00DC93EE}.Release|Any CPU.ActiveCfg = Release|Any CPU
		{46BA3910-11C1-4CB8-983D-DDAA00DC93EE}.Release|Any CPU.Build.0 = Release|Any CPU
		{46BA3910-11C1-4CB8-983D-DDAA00DC93EE}.Release|x64.ActiveCfg = Release|Any CPU
		{46BA3910-11C1-4CB8-983D-DDAA00DC93EE}.Release|x64.Build.0 = Release|Any CPU
		{46BA3910-11C1-4CB8-983D-DDAA00DC93EE}.Release|x86.ActiveCfg = Release|Any CPU
		{46BA3910-11C1-4CB8-983D-DDAA00DC93EE}.Release|x86.Build.0 = Release|Any CPU
		{4F80EDCE-ED14-420A-A4A6-CE9BDB2E3125}.Debug|Any CPU.ActiveCfg = Debug|Any CPU
		{4F80EDCE-ED14-420A-A4A6-CE9BDB2E3125}.Debug|Any CPU.Build.0 = Debug|Any CPU
		{4F80EDCE-ED14-420A-A4A6-CE9BDB2E3125}.Debug|x64.ActiveCfg = Debug|Any CPU
		{4F80EDCE-ED14-420A-A4A6-CE9BDB2E3125}.Debug|x64.Build.0 = Debug|Any CPU
		{4F80EDCE-ED14-420A-A4A6-CE9BDB2E3125}.Debug|x86.ActiveCfg = Debug|Any CPU
		{4F80EDCE-ED14-420A-A4A6-CE9BDB2E3125}.Debug|x86.Build.0 = Debug|Any CPU
		{4F80EDCE-ED14-420A-A4A6-CE9BDB2E3125}.Release|Any CPU.ActiveCfg = Release|Any CPU
		{4F80EDCE-ED14-420A-A4A6-CE9BDB2E3125}.Release|Any CPU.Build.0 = Release|Any CPU
		{4F80EDCE-ED14-420A-A4A6-CE9BDB2E3125}.Release|x64.ActiveCfg = Release|Any CPU
		{4F80EDCE-ED14-420A-A4A6-CE9BDB2E3125}.Release|x64.Build.0 = Release|Any CPU
		{4F80EDCE-ED14-420A-A4A6-CE9BDB2E3125}.Release|x86.ActiveCfg = Release|Any CPU
		{4F80EDCE-ED14-420A-A4A6-CE9BDB2E3125}.Release|x86.Build.0 = Release|Any CPU
	EndGlobalSection
EndGlobal
